
Microsoft Visual Studio Solution File, Format Version 12.00
# Visual Studio Version 16
VisualStudioVersion = 16.0.30406.217
MinimumVisualStudioVersion = 10.0.40219.1
Project("{FAE04EC0-301F-11D3-BF4B-00C04F79EFBC}") = "EntityFrameworkTestes", "EntityFrameworkTestes\EntityFrameworkTestes.csproj", "{56AB4BD0-E76B-4E96-958F-674C132527B4}"
EndProject
Global
	GlobalSection(SolutionConfigurationPlatforms) = preSolution
		Debug|Any CPU = Debug|Any CPU
		Release|Any CPU = Release|Any CPU
	EndGlobalSection
	GlobalSection(ProjectConfigurationPlatforms) = postSolution
		{56AB4BD0-E76B-4E96-958F-674C132527B4}.Debug|Any CPU.ActiveCfg = Debug|Any CPU
		{56AB4BD0-E76B-4E96-958F-674C132527B4}.Debug|Any CPU.Build.0 = Debug|Any CPU
		{56AB4BD0-E76B-4E96-958F-674C132527B4}.Release|Any CPU.ActiveCfg = Release|Any CPU
		{56AB4BD0-E76B-4E96-958F-674C132527B4}.Release|Any CPU.Build.0 = Release|Any CPU
	EndGlobalSection
	GlobalSection(SolutionProperties) = preSolution
		HideSolutionNode = FALSE
	EndGlobalSection
	GlobalSection(ExtensibilityGlobals) = postSolution
		SolutionGuid = {E8C00266-CA92-43C5-A1E2-265CB4809EC7}
	EndGlobalSection
EndGlobal
