
Microsoft Visual Studio Solution File, Format Version 12.00
# Visual Studio Version 16
VisualStudioVersion = 16.0.30406.217
MinimumVisualStudioVersion = 10.0.40219.1
Project("{FAE04EC0-301F-11D3-BF4B-00C04F79EFBC}") = "Reflection", "Reflection\Reflection.csproj", "{1E79E51E-8B9C-4CD2-A67E-BDECA8594B53}"
EndProject
Project("{FAE04EC0-301F-11D3-BF4B-00C04F79EFBC}") = "Reflection2", "Reflection2\Reflection2.csproj", "{4ED37A99-9206-4E95-BE8B-55B4A3F8BA2F}"
EndProject
Global
	GlobalSection(SolutionConfigurationPlatforms) = preSolution
		Debug|Any CPU = Debug|Any CPU
		Release|Any CPU = Release|Any CPU
	EndGlobalSection
	GlobalSection(ProjectConfigurationPlatforms) = postSolution
		{1E79E51E-8B9C-4CD2-A67E-BDECA8594B53}.Debug|Any CPU.ActiveCfg = Debug|Any CPU
		{1E79E51E-8B9C-4CD2-A67E-BDECA8594B53}.Debug|Any CPU.Build.0 = Debug|Any CPU
		{1E79E51E-8B9C-4CD2-A67E-BDECA8594B53}.Release|Any CPU.ActiveCfg = Release|Any CPU
		{1E79E51E-8B9C-4CD2-A67E-BDECA8594B53}.Release|Any CPU.Build.0 = Release|Any CPU
		{4ED37A99-9206-4E95-BE8B-55B4A3F8BA2F}.Debug|Any CPU.ActiveCfg = Debug|Any CPU
		{4ED37A99-9206-4E95-BE8B-55B4A3F8BA2F}.Debug|Any CPU.Build.0 = Debug|Any CPU
		{4ED37A99-9206-4E95-BE8B-55B4A3F8BA2F}.Release|Any CPU.ActiveCfg = Release|Any CPU
		{4ED37A99-9206-4E95-BE8B-55B4A3F8BA2F}.Release|Any CPU.Build.0 = Release|Any CPU
	EndGlobalSection
	GlobalSection(SolutionProperties) = preSolution
		HideSolutionNode = FALSE
	EndGlobalSection
	GlobalSection(ExtensibilityGlobals) = postSolution
		SolutionGuid = {41D02E3B-4587-4918-A189-8FDEC02E01E7}
	EndGlobalSection
EndGlobal
