
Microsoft Visual Studio Solution File, Format Version 12.00
# Visual Studio Version 16
VisualStudioVersion = 16.0.30406.217
MinimumVisualStudioVersion = 10.0.40219.1
Project("{FAE04EC0-301F-11D3-BF4B-00C04F79EFBC}") = "EntityFrameworkEDAO", "EntityFrameworkEDAO\EntityFrameworkEDAO.csproj", "{46E03852-B348-4E63-950A-6EB754EBBDDE}"
EndProject
Global
	GlobalSection(SolutionConfigurationPlatforms) = preSolution
		Debug|Any CPU = Debug|Any CPU
		Release|Any CPU = Release|Any CPU
	EndGlobalSection
	GlobalSection(ProjectConfigurationPlatforms) = postSolution
		{46E03852-B348-4E63-950A-6EB754EBBDDE}.Debug|Any CPU.ActiveCfg = Debug|Any CPU
		{46E03852-B348-4E63-950A-6EB754EBBDDE}.Debug|Any CPU.Build.0 = Debug|Any CPU
		{46E03852-B348-4E63-950A-6EB754EBBDDE}.Release|Any CPU.ActiveCfg = Release|Any CPU
		{46E03852-B348-4E63-950A-6EB754EBBDDE}.Release|Any CPU.Build.0 = Release|Any CPU
	EndGlobalSection
	GlobalSection(SolutionProperties) = preSolution
		HideSolutionNode = FALSE
	EndGlobalSection
	GlobalSection(ExtensibilityGlobals) = postSolution
		SolutionGuid = {ED4C491C-6C7F-46E2-8E73-713EA3CC6409}
	EndGlobalSection
EndGlobal
